
Microsoft Visual Studio Solution File, Format Version 11.00
# Visual Studio 2010
Project("{FAE04EC0-301F-11D3-BF4B-00C04F79EFBC}") = "Ananse", "Ananse\Ananse.csproj", "{6744B8B9-3FF2-47E6-9762-2E377C0BAFF5}"
EndProject
Project("{FAE04EC0-301F-11D3-BF4B-00C04F79EFBC}") = "Test", "Test\Test.csproj", "{4F805F03-9605-4DE3-9492-A58BF503F281}"
EndProject
Project("{FAE04EC0-301F-11D3-BF4B-00C04F79EFBC}") = "AnanseGtk", "AnanseGtk\AnanseGtk.csproj", "{A749D69F-A003-4B78-B21E-F85E7F8E4C99}"
EndProject
Project("{FAE04EC0-301F-11D3-BF4B-00C04F79EFBC}") = "AnanseWeb", "AnanseWeb\AnanseWeb.csproj", "{438EA1F3-04A4-43D2-8F0A-E32B9A3ACD2F}"
EndProject
Project("{9344bdbb-3e7f-41fc-a0dd-8665d75ee146}") = "AnanseNTest", "AnanseNTest\AnanseNTest.mdproj", "{1F8961FE-24E9-48E2-B6A3-73775AD6AEDA}"
EndProject
Project("{FAE04EC0-301F-11D3-BF4B-00C04F79EFBC}") = "Crawler", "Crawler\Crawler.csproj", "{7B22E96C-2C4B-41E6-BFBB-0F0DC2D3317D}"
EndProject
Global
	GlobalSection(SolutionConfigurationPlatforms) = preSolution
		Debug|Any CPU = Debug|Any CPU
		Release|Any CPU = Release|Any CPU
		Default|Any CPU = Default|Any CPU
	EndGlobalSection
	GlobalSection(ProjectConfigurationPlatforms) = postSolution
		{1F8961FE-24E9-48E2-B6A3-73775AD6AEDA}.Debug|Any CPU.ActiveCfg = Default|Any CPU
		{1F8961FE-24E9-48E2-B6A3-73775AD6AEDA}.Debug|Any CPU.Build.0 = Default|Any CPU
		{1F8961FE-24E9-48E2-B6A3-73775AD6AEDA}.Default|Any CPU.ActiveCfg = Default|Any CPU
		{1F8961FE-24E9-48E2-B6A3-73775AD6AEDA}.Default|Any CPU.Build.0 = Default|Any CPU
		{1F8961FE-24E9-48E2-B6A3-73775AD6AEDA}.Release|Any CPU.ActiveCfg = Default|Any CPU
		{1F8961FE-24E9-48E2-B6A3-73775AD6AEDA}.Release|Any CPU.Build.0 = Default|Any CPU
		{438EA1F3-04A4-43D2-8F0A-E32B9A3ACD2F}.Debug|Any CPU.ActiveCfg = Debug|Any CPU
		{438EA1F3-04A4-43D2-8F0A-E32B9A3ACD2F}.Debug|Any CPU.Build.0 = Debug|Any CPU
		{438EA1F3-04A4-43D2-8F0A-E32B9A3ACD2F}.Release|Any CPU.ActiveCfg = Release|Any CPU
		{438EA1F3-04A4-43D2-8F0A-E32B9A3ACD2F}.Release|Any CPU.Build.0 = Release|Any CPU
		{4F805F03-9605-4DE3-9492-A58BF503F281}.Debug|Any CPU.ActiveCfg = Debug|Any CPU
		{4F805F03-9605-4DE3-9492-A58BF503F281}.Debug|Any CPU.Build.0 = Debug|Any CPU
		{4F805F03-9605-4DE3-9492-A58BF503F281}.Release|Any CPU.ActiveCfg = Release|Any CPU
		{4F805F03-9605-4DE3-9492-A58BF503F281}.Release|Any CPU.Build.0 = Release|Any CPU
		{6744B8B9-3FF2-47E6-9762-2E377C0BAFF5}.Debug|Any CPU.ActiveCfg = Debug|Any CPU
		{6744B8B9-3FF2-47E6-9762-2E377C0BAFF5}.Debug|Any CPU.Build.0 = Debug|Any CPU
		{6744B8B9-3FF2-47E6-9762-2E377C0BAFF5}.Default|Any CPU.ActiveCfg = Debug|Any CPU
		{6744B8B9-3FF2-47E6-9762-2E377C0BAFF5}.Default|Any CPU.Build.0 = Debug|Any CPU
		{6744B8B9-3FF2-47E6-9762-2E377C0BAFF5}.Release|Any CPU.ActiveCfg = Release|Any CPU
		{6744B8B9-3FF2-47E6-9762-2E377C0BAFF5}.Release|Any CPU.Build.0 = Release|Any CPU
		{7B22E96C-2C4B-41E6-BFBB-0F0DC2D3317D}.Debug|Any CPU.ActiveCfg = Debug|Any CPU
		{7B22E96C-2C4B-41E6-BFBB-0F0DC2D3317D}.Debug|Any CPU.Build.0 = Debug|Any CPU
		{7B22E96C-2C4B-41E6-BFBB-0F0DC2D3317D}.Default|Any CPU.ActiveCfg = Debug|Any CPU
		{7B22E96C-2C4B-41E6-BFBB-0F0DC2D3317D}.Default|Any CPU.Build.0 = Debug|Any CPU
		{7B22E96C-2C4B-41E6-BFBB-0F0DC2D3317D}.Release|Any CPU.ActiveCfg = Release|Any CPU
		{7B22E96C-2C4B-41E6-BFBB-0F0DC2D3317D}.Release|Any CPU.Build.0 = Release|Any CPU
		{A749D69F-A003-4B78-B21E-F85E7F8E4C99}.Debug|Any CPU.ActiveCfg = Debug|Any CPU
		{A749D69F-A003-4B78-B21E-F85E7F8E4C99}.Debug|Any CPU.Build.0 = Debug|Any CPU
		{A749D69F-A003-4B78-B21E-F85E7F8E4C99}.Default|Any CPU.ActiveCfg = Debug|Any CPU
		{A749D69F-A003-4B78-B21E-F85E7F8E4C99}.Default|Any CPU.Build.0 = Debug|Any CPU
		{A749D69F-A003-4B78-B21E-F85E7F8E4C99}.Release|Any CPU.ActiveCfg = Release|Any CPU
		{A749D69F-A003-4B78-B21E-F85E7F8E4C99}.Release|Any CPU.Build.0 = Release|Any CPU
	EndGlobalSection
	GlobalSection(MonoDevelopProperties) = preSolution
		StartupItem = AnanseGtk\AnanseGtk.csproj
		Policies = $0
		$0.StandardHeader = $1
		$1.Text = @\n ${FileName}\n \n Author:\n      ${AuthorName} <${AuthorEmail}>\n\n Copyright (c) ${Year} ${CopyrightHolder}\n\n This library is free software; you can redistribute it and/or modify\n it under the terms of the GNU Lesser General Public License as\n published by the Free Software Foundation; either version 2.1 of the\n License, or (at your option) any later version.\n\n This library is distributed in the hope that it will be useful, but\n WITHOUT ANY WARRANTY; without even the implied warranty of\n MERCHANTABILITY or FITNESS FOR A PARTICULAR PURPOSE. See the GNU\n Lesser General Public License for more details.\n\n You should have received a copy of the GNU Lesser General Public\n License along with this library; if not, write to the Free Software\n Foundation, Inc., 59 Temple Place, Suite 330, Boston, MA 02111-1307 USA
		$1.IncludeInNewFiles = True
	EndGlobalSection
EndGlobal
